
Microsoft Visual Studio Solution File, Format Version 12.00
# Visual Studio Version 17
VisualStudioVersion = 17.5.33502.453
MinimumVisualStudioVersion = 10.0.40219.1
Project("{FAE04EC0-301F-11D3-BF4B-00C04F79EFBC}") = "MatchingGame", "MatchingGame\MatchingGame.csproj", "{BC376410-ADCE-415E-A725-1F66FC558B60}"
EndProject
Global
	GlobalSection(SolutionConfigurationPlatforms) = preSolution
		Debug|Any CPU = Debug|Any CPU
		Release|Any CPU = Release|Any CPU
	EndGlobalSection
	GlobalSection(ProjectConfigurationPlatforms) = postSolution
		{BC376410-ADCE-415E-A725-1F66FC558B60}.Debug|Any CPU.ActiveCfg = Debug|Any CPU
		{BC376410-ADCE-415E-A725-1F66FC558B60}.Debug|Any CPU.Build.0 = Debug|Any CPU
		{BC376410-ADCE-415E-A725-1F66FC558B60}.Release|Any CPU.ActiveCfg = Release|Any CPU
		{BC376410-ADCE-415E-A725-1F66FC558B60}.Release|Any CPU.Build.0 = Release|Any CPU
	EndGlobalSection
	GlobalSection(SolutionProperties) = preSolution
		HideSolutionNode = FALSE
	EndGlobalSection
	GlobalSection(ExtensibilityGlobals) = postSolution
		SolutionGuid = {2E134690-3F0A-46EE-83E7-17AB366A7A61}
	EndGlobalSection
EndGlobal
